
Microsoft Visual Studio Solution File, Format Version 12.00
# Visual Studio 15
VisualStudioVersion = 15.0.28307.1062
MinimumVisualStudioVersion = 10.0.40219.1
Project("{8BC9CEB8-8B4A-11D0-8D11-00A0C91BC942}") = "Baekjoon1193", "Baekjoon1193\Baekjoon1193.vcxproj", "{4E59FE87-D3A4-4533-9C92-95DBE5C20C24}"
EndProject
Project("{8BC9CEB8-8B4A-11D0-8D11-00A0C91BC942}") = "Baekjoon2869", "Baekjoon2869\Baekjoon2869.vcxproj", "{A9293CA1-BB38-42C6-85D3-C321BBF7BBB4}"
EndProject
Project("{8BC9CEB8-8B4A-11D0-8D11-00A0C91BC942}") = "Baekjoon10250", "Baekjoon10250\Baekjoon10250.vcxproj", "{53FF46E8-64C8-4417-82F9-59CCA1CFCA32}"
EndProject
Project("{8BC9CEB8-8B4A-11D0-8D11-00A0C91BC942}") = "Baekjoon2839", "Baekjoon2839\Baekjoon2839.vcxproj", "{83C104C5-0F13-4232-926B-F7426B7F8209}"
EndProject
Project("{8BC9CEB8-8B4A-11D0-8D11-00A0C91BC942}") = "Baekjoon10757", "Baekjoon10757\Baekjoon10757.vcxproj", "{2BB328EF-E56B-41D3-8EA4-40BAB8FAAEEF}"
EndProject
Project("{8BC9CEB8-8B4A-11D0-8D11-00A0C91BC942}") = "Baekjoon1011", "Baekjoon1011\Baekjoon1011.vcxproj", "{0571DBB4-1D0C-4341-9992-B4693226B0C9}"
EndProject
Project("{8BC9CEB8-8B4A-11D0-8D11-00A0C91BC942}") = "Baekjoon1978", "Baekjoon1978\Baekjoon1978.vcxproj", "{68C35CB4-DB99-4D59-8A79-001703BA9E4F}"
EndProject
Project("{8BC9CEB8-8B4A-11D0-8D11-00A0C91BC942}") = "Baekjoon2581", "Baekjoon2581\Baekjoon2581.vcxproj", "{8B421514-4886-4DFC-B76C-629B514A4CE6}"
EndProject
Project("{8BC9CEB8-8B4A-11D0-8D11-00A0C91BC942}") = "Baekjoon11653", "Baekjoon11653\Baekjoon11653.vcxproj", "{F80B08E2-08D7-4BE4-863B-44E793EE28B1}"
EndProject
Project("{8BC9CEB8-8B4A-11D0-8D11-00A0C91BC942}") = "Baekjoon1929", "Baekjoon1929\Baekjoon1929.vcxproj", "{0B251A08-FD90-4D5B-9F32-56DADCF0E340}"
EndProject
Project("{8BC9CEB8-8B4A-11D0-8D11-00A0C91BC942}") = "Baekjoon4948", "Baekjoon4948\Baekjoon4948.vcxproj", "{391979BE-9F08-4ED6-99DB-336299BB3665}"
EndProject
Project("{8BC9CEB8-8B4A-11D0-8D11-00A0C91BC942}") = "Baekjoon9020", "Baekjoon9020\Baekjoon9020.vcxproj", "{88F3D7EF-EC09-47C7-8D31-6AE346474905}"
EndProject
Project("{8BC9CEB8-8B4A-11D0-8D11-00A0C91BC942}") = "Baekjoon1085", "Baekjoon1085\Baekjoon1085.vcxproj", "{4AEE59D6-B244-4FE3-925A-658803C0103A}"
EndProject
Project("{8BC9CEB8-8B4A-11D0-8D11-00A0C91BC942}") = "Baekjoon3009", "Baekjoon3009\Baekjoon3009.vcxproj", "{894F555C-E71A-4552-ACDD-9A187923BD66}"
EndProject
Project("{8BC9CEB8-8B4A-11D0-8D11-00A0C91BC942}") = "Baekjoon4153", "Baekjoon4153\Baekjoon4153.vcxproj", "{10EDE150-A10A-4D4D-8016-9ADD724FB95A}"
EndProject
Project("{8BC9CEB8-8B4A-11D0-8D11-00A0C91BC942}") = "Baekjoon3053", "Baekjoon3053\Baekjoon3053.vcxproj", "{9DEDC800-BA72-4283-9D54-3F281B562729}"
EndProject
Project("{8BC9CEB8-8B4A-11D0-8D11-00A0C91BC942}") = "Baekjoon1002", "Baekjoon1002\Baekjoon1002.vcxproj", "{7BE6E085-16E4-42A0-8B9D-F03638B0E2D4}"
EndProject
Global
	GlobalSection(SolutionConfigurationPlatforms) = preSolution
		Debug|x64 = Debug|x64
		Debug|x86 = Debug|x86
		Release|x64 = Release|x64
		Release|x86 = Release|x86
	EndGlobalSection
	GlobalSection(ProjectConfigurationPlatforms) = postSolution
		{4E59FE87-D3A4-4533-9C92-95DBE5C20C24}.Debug|x64.ActiveCfg = Debug|x64
		{4E59FE87-D3A4-4533-9C92-95DBE5C20C24}.Debug|x64.Build.0 = Debug|x64
		{4E59FE87-D3A4-4533-9C92-95DBE5C20C24}.Debug|x86.ActiveCfg = Debug|Win32
		{4E59FE87-D3A4-4533-9C92-95DBE5C20C24}.Debug|x86.Build.0 = Debug|Win32
		{4E59FE87-D3A4-4533-9C92-95DBE5C20C24}.Release|x64.ActiveCfg = Release|x64
		{4E59FE87-D3A4-4533-9C92-95DBE5C20C24}.Release|x64.Build.0 = Release|x64
		{4E59FE87-D3A4-4533-9C92-95DBE5C20C24}.Release|x86.ActiveCfg = Release|Win32
		{4E59FE87-D3A4-4533-9C92-95DBE5C20C24}.Release|x86.Build.0 = Release|Win32
		{A9293CA1-BB38-42C6-85D3-C321BBF7BBB4}.Debug|x64.ActiveCfg = Debug|x64
		{A9293CA1-BB38-42C6-85D3-C321BBF7BBB4}.Debug|x64.Build.0 = Debug|x64
		{A9293CA1-BB38-42C6-85D3-C321BBF7BBB4}.Debug|x86.ActiveCfg = Debug|Win32
		{A9293CA1-BB38-42C6-85D3-C321BBF7BBB4}.Debug|x86.Build.0 = Debug|Win32
		{A9293CA1-BB38-42C6-85D3-C321BBF7BBB4}.Release|x64.ActiveCfg = Release|x64
		{A9293CA1-BB38-42C6-85D3-C321BBF7BBB4}.Release|x64.Build.0 = Release|x64
		{A9293CA1-BB38-42C6-85D3-C321BBF7BBB4}.Release|x86.ActiveCfg = Release|Win32
		{A9293CA1-BB38-42C6-85D3-C321BBF7BBB4}.Release|x86.Build.0 = Release|Win32
		{53FF46E8-64C8-4417-82F9-59CCA1CFCA32}.Debug|x64.ActiveCfg = Debug|x64
		{53FF46E8-64C8-4417-82F9-59CCA1CFCA32}.Debug|x64.Build.0 = Debug|x64
		{53FF46E8-64C8-4417-82F9-59CCA1CFCA32}.Debug|x86.ActiveCfg = Debug|Win32
		{53FF46E8-64C8-4417-82F9-59CCA1CFCA32}.Debug|x86.Build.0 = Debug|Win32
		{53FF46E8-64C8-4417-82F9-59CCA1CFCA32}.Release|x64.ActiveCfg = Release|x64
		{53FF46E8-64C8-4417-82F9-59CCA1CFCA32}.Release|x64.Build.0 = Release|x64
		{53FF46E8-64C8-4417-82F9-59CCA1CFCA32}.Release|x86.ActiveCfg = Release|Win32
		{53FF46E8-64C8-4417-82F9-59CCA1CFCA32}.Release|x86.Build.0 = Release|Win32
		{83C104C5-0F13-4232-926B-F7426B7F8209}.Debug|x64.ActiveCfg = Debug|x64
		{83C104C5-0F13-4232-926B-F7426B7F8209}.Debug|x64.Build.0 = Debug|x64
		{83C104C5-0F13-4232-926B-F7426B7F8209}.Debug|x86.ActiveCfg = Debug|Win32
		{83C104C5-0F13-4232-926B-F7426B7F8209}.Debug|x86.Build.0 = Debug|Win32
		{83C104C5-0F13-4232-926B-F7426B7F8209}.Release|x64.ActiveCfg = Release|x64
		{83C104C5-0F13-4232-926B-F7426B7F8209}.Release|x64.Build.0 = Release|x64
		{83C104C5-0F13-4232-926B-F7426B7F8209}.Release|x86.ActiveCfg = Release|Win32
		{83C104C5-0F13-4232-926B-F7426B7F8209}.Release|x86.Build.0 = Release|Win32
		{2BB328EF-E56B-41D3-8EA4-40BAB8FAAEEF}.Debug|x64.ActiveCfg = Debug|x64
		{2BB328EF-E56B-41D3-8EA4-40BAB8FAAEEF}.Debug|x64.Build.0 = Debug|x64
		{2BB328EF-E56B-41D3-8EA4-40BAB8FAAEEF}.Debug|x86.ActiveCfg = Debug|Win32
		{2BB328EF-E56B-41D3-8EA4-40BAB8FAAEEF}.Debug|x86.Build.0 = Debug|Win32
		{2BB328EF-E56B-41D3-8EA4-40BAB8FAAEEF}.Release|x64.ActiveCfg = Release|x64
		{2BB328EF-E56B-41D3-8EA4-40BAB8FAAEEF}.Release|x64.Build.0 = Release|x64
		{2BB328EF-E56B-41D3-8EA4-40BAB8FAAEEF}.Release|x86.ActiveCfg = Release|Win32
		{2BB328EF-E56B-41D3-8EA4-40BAB8FAAEEF}.Release|x86.Build.0 = Release|Win32
		{0571DBB4-1D0C-4341-9992-B4693226B0C9}.Debug|x64.ActiveCfg = Debug|x64
		{0571DBB4-1D0C-4341-9992-B4693226B0C9}.Debug|x64.Build.0 = Debug|x64
		{0571DBB4-1D0C-4341-9992-B4693226B0C9}.Debug|x86.ActiveCfg = Debug|Win32
		{0571DBB4-1D0C-4341-9992-B4693226B0C9}.Debug|x86.Build.0 = Debug|Win32
		{0571DBB4-1D0C-4341-9992-B4693226B0C9}.Release|x64.ActiveCfg = Release|x64
		{0571DBB4-1D0C-4341-9992-B4693226B0C9}.Release|x64.Build.0 = Release|x64
		{0571DBB4-1D0C-4341-9992-B4693226B0C9}.Release|x86.ActiveCfg = Release|Win32
		{0571DBB4-1D0C-4341-9992-B4693226B0C9}.Release|x86.Build.0 = Release|Win32
		{68C35CB4-DB99-4D59-8A79-001703BA9E4F}.Debug|x64.ActiveCfg = Debug|x64
		{68C35CB4-DB99-4D59-8A79-001703BA9E4F}.Debug|x64.Build.0 = Debug|x64
		{68C35CB4-DB99-4D59-8A79-001703BA9E4F}.Debug|x86.ActiveCfg = Debug|Win32
		{68C35CB4-DB99-4D59-8A79-001703BA9E4F}.Debug|x86.Build.0 = Debug|Win32
		{68C35CB4-DB99-4D59-8A79-001703BA9E4F}.Release|x64.ActiveCfg = Release|x64
		{68C35CB4-DB99-4D59-8A79-001703BA9E4F}.Release|x64.Build.0 = Release|x64
		{68C35CB4-DB99-4D59-8A79-001703BA9E4F}.Release|x86.ActiveCfg = Release|Win32
		{68C35CB4-DB99-4D59-8A79-001703BA9E4F}.Release|x86.Build.0 = Release|Win32
		{8B421514-4886-4DFC-B76C-629B514A4CE6}.Debug|x64.ActiveCfg = Debug|x64
		{8B421514-4886-4DFC-B76C-629B514A4CE6}.Debug|x64.Build.0 = Debug|x64
		{8B421514-4886-4DFC-B76C-629B514A4CE6}.Debug|x86.ActiveCfg = Debug|Win32
		{8B421514-4886-4DFC-B76C-629B514A4CE6}.Debug|x86.Build.0 = Debug|Win32
		{8B421514-4886-4DFC-B76C-629B514A4CE6}.Release|x64.ActiveCfg = Release|x64
		{8B421514-4886-4DFC-B76C-629B514A4CE6}.Release|x64.Build.0 = Release|x64
		{8B421514-4886-4DFC-B76C-629B514A4CE6}.Release|x86.ActiveCfg = Release|Win32
		{8B421514-4886-4DFC-B76C-629B514A4CE6}.Release|x86.Build.0 = Release|Win32
		{F80B08E2-08D7-4BE4-863B-44E793EE28B1}.Debug|x64.ActiveCfg = Debug|x64
		{F80B08E2-08D7-4BE4-863B-44E793EE28B1}.Debug|x64.Build.0 = Debug|x64
		{F80B08E2-08D7-4BE4-863B-44E793EE28B1}.Debug|x86.ActiveCfg = Debug|Win32
		{F80B08E2-08D7-4BE4-863B-44E793EE28B1}.Debug|x86.Build.0 = Debug|Win32
		{F80B08E2-08D7-4BE4-863B-44E793EE28B1}.Release|x64.ActiveCfg = Release|x64
		{F80B08E2-08D7-4BE4-863B-44E793EE28B1}.Release|x64.Build.0 = Release|x64
		{F80B08E2-08D7-4BE4-863B-44E793EE28B1}.Release|x86.ActiveCfg = Release|Win32
		{F80B08E2-08D7-4BE4-863B-44E793EE28B1}.Release|x86.Build.0 = Release|Win32
		{0B251A08-FD90-4D5B-9F32-56DADCF0E340}.Debug|x64.ActiveCfg = Debug|x64
		{0B251A08-FD90-4D5B-9F32-56DADCF0E340}.Debug|x64.Build.0 = Debug|x64
		{0B251A08-FD90-4D5B-9F32-56DADCF0E340}.Debug|x86.ActiveCfg = Debug|Win32
		{0B251A08-FD90-4D5B-9F32-56DADCF0E340}.Debug|x86.Build.0 = Debug|Win32
		{0B251A08-FD90-4D5B-9F32-56DADCF0E340}.Release|x64.ActiveCfg = Release|x64
		{0B251A08-FD90-4D5B-9F32-56DADCF0E340}.Release|x64.Build.0 = Release|x64
		{0B251A08-FD90-4D5B-9F32-56DADCF0E340}.Release|x86.ActiveCfg = Release|Win32
		{0B251A08-FD90-4D5B-9F32-56DADCF0E340}.Release|x86.Build.0 = Release|Win32
		{391979BE-9F08-4ED6-99DB-336299BB3665}.Debug|x64.ActiveCfg = Debug|x64
		{391979BE-9F08-4ED6-99DB-336299BB3665}.Debug|x64.Build.0 = Debug|x64
		{391979BE-9F08-4ED6-99DB-336299BB3665}.Debug|x86.ActiveCfg = Debug|Win32
		{391979BE-9F08-4ED6-99DB-336299BB3665}.Debug|x86.Build.0 = Debug|Win32
		{391979BE-9F08-4ED6-99DB-336299BB3665}.Release|x64.ActiveCfg = Release|x64
		{391979BE-9F08-4ED6-99DB-336299BB3665}.Release|x64.Build.0 = Release|x64
		{391979BE-9F08-4ED6-99DB-336299BB3665}.Release|x86.ActiveCfg = Release|Win32
		{391979BE-9F08-4ED6-99DB-336299BB3665}.Release|x86.Build.0 = Release|Win32
		{88F3D7EF-EC09-47C7-8D31-6AE346474905}.Debug|x64.ActiveCfg = Debug|x64
		{88F3D7EF-EC09-47C7-8D31-6AE346474905}.Debug|x64.Build.0 = Debug|x64
		{88F3D7EF-EC09-47C7-8D31-6AE346474905}.Debug|x86.ActiveCfg = Debug|Win32
		{88F3D7EF-EC09-47C7-8D31-6AE346474905}.Debug|x86.Build.0 = Debug|Win32
		{88F3D7EF-EC09-47C7-8D31-6AE346474905}.Release|x64.ActiveCfg = Release|x64
		{88F3D7EF-EC09-47C7-8D31-6AE346474905}.Release|x64.Build.0 = Release|x64
		{88F3D7EF-EC09-47C7-8D31-6AE346474905}.Release|x86.ActiveCfg = Release|Win32
		{88F3D7EF-EC09-47C7-8D31-6AE346474905}.Release|x86.Build.0 = Release|Win32
		{4AEE59D6-B244-4FE3-925A-658803C0103A}.Debug|x64.ActiveCfg = Debug|x64
		{4AEE59D6-B244-4FE3-925A-658803C0103A}.Debug|x64.Build.0 = Debug|x64
		{4AEE59D6-B244-4FE3-925A-658803C0103A}.Debug|x86.ActiveCfg = Debug|Win32
		{4AEE59D6-B244-4FE3-925A-658803C0103A}.Debug|x86.Build.0 = Debug|Win32
		{4AEE59D6-B244-4FE3-925A-658803C0103A}.Release|x64.ActiveCfg = Release|x64
		{4AEE59D6-B244-4FE3-925A-658803C0103A}.Release|x64.Build.0 = Release|x64
		{4AEE59D6-B244-4FE3-925A-658803C0103A}.Release|x86.ActiveCfg = Release|Win32
		{4AEE59D6-B244-4FE3-925A-658803C0103A}.Release|x86.Build.0 = Release|Win32
		{894F555C-E71A-4552-ACDD-9A187923BD66}.Debug|x64.ActiveCfg = Debug|x64
		{894F555C-E71A-4552-ACDD-9A187923BD66}.Debug|x64.Build.0 = Debug|x64
		{894F555C-E71A-4552-ACDD-9A187923BD66}.Debug|x86.ActiveCfg = Debug|Win32
		{894F555C-E71A-4552-ACDD-9A187923BD66}.Debug|x86.Build.0 = Debug|Win32
		{894F555C-E71A-4552-ACDD-9A187923BD66}.Release|x64.ActiveCfg = Release|x64
		{894F555C-E71A-4552-ACDD-9A187923BD66}.Release|x64.Build.0 = Release|x64
		{894F555C-E71A-4552-ACDD-9A187923BD66}.Release|x86.ActiveCfg = Release|Win32
		{894F555C-E71A-4552-ACDD-9A187923BD66}.Release|x86.Build.0 = Release|Win32
		{10EDE150-A10A-4D4D-8016-9ADD724FB95A}.Debug|x64.ActiveCfg = Debug|x64
		{10EDE150-A10A-4D4D-8016-9ADD724FB95A}.Debug|x64.Build.0 = Debug|x64
		{10EDE150-A10A-4D4D-8016-9ADD724FB95A}.Debug|x86.ActiveCfg = Debug|Win32
		{10EDE150-A10A-4D4D-8016-9ADD724FB95A}.Debug|x86.Build.0 = Debug|Win32
		{10EDE150-A10A-4D4D-8016-9ADD724FB95A}.Release|x64.ActiveCfg = Release|x64
		{10EDE150-A10A-4D4D-8016-9ADD724FB95A}.Release|x64.Build.0 = Release|x64
		{10EDE150-A10A-4D4D-8016-9ADD724FB95A}.Release|x86.ActiveCfg = Release|Win32
		{10EDE150-A10A-4D4D-8016-9ADD724FB95A}.Release|x86.Build.0 = Release|Win32
		{9DEDC800-BA72-4283-9D54-3F281B562729}.Debug|x64.ActiveCfg = Debug|x64
		{9DEDC800-BA72-4283-9D54-3F281B562729}.Debug|x64.Build.0 = Debug|x64
		{9DEDC800-BA72-4283-9D54-3F281B562729}.Debug|x86.ActiveCfg = Debug|Win32
		{9DEDC800-BA72-4283-9D54-3F281B562729}.Debug|x86.Build.0 = Debug|Win32
		{9DEDC800-BA72-4283-9D54-3F281B562729}.Release|x64.ActiveCfg = Release|x64
		{9DEDC800-BA72-4283-9D54-3F281B562729}.Release|x64.Build.0 = Release|x64
		{9DEDC800-BA72-4283-9D54-3F281B562729}.Release|x86.ActiveCfg = Release|Win32
		{9DEDC800-BA72-4283-9D54-3F281B562729}.Release|x86.Build.0 = Release|Win32
		{7BE6E085-16E4-42A0-8B9D-F03638B0E2D4}.Debug|x64.ActiveCfg = Debug|x64
		{7BE6E085-16E4-42A0-8B9D-F03638B0E2D4}.Debug|x64.Build.0 = Debug|x64
		{7BE6E085-16E4-42A0-8B9D-F03638B0E2D4}.Debug|x86.ActiveCfg = Debug|Win32
		{7BE6E085-16E4-42A0-8B9D-F03638B0E2D4}.Debug|x86.Build.0 = Debug|Win32
		{7BE6E085-16E4-42A0-8B9D-F03638B0E2D4}.Release|x64.ActiveCfg = Release|x64
		{7BE6E085-16E4-42A0-8B9D-F03638B0E2D4}.Release|x64.Build.0 = Release|x64
		{7BE6E085-16E4-42A0-8B9D-F03638B0E2D4}.Release|x86.ActiveCfg = Release|Win32
		{7BE6E085-16E4-42A0-8B9D-F03638B0E2D4}.Release|x86.Build.0 = Release|Win32
	EndGlobalSection
	GlobalSection(SolutionProperties) = preSolution
		HideSolutionNode = FALSE
	EndGlobalSection
	GlobalSection(ExtensibilityGlobals) = postSolution
		SolutionGuid = {356E59CD-0DA1-4E84-8370-A5BF337FF226}
	EndGlobalSection
EndGlobal
