
Microsoft Visual Studio Solution File, Format Version 12.00
# Visual Studio 15
VisualStudioVersion = 15.0.28307.1062
MinimumVisualStudioVersion = 10.0.40219.1
Project("{8BC9CEB8-8B4A-11D0-8D11-00A0C91BC942}") = "Baekjoon1193", "Baekjoon1193\Baekjoon1193.vcxproj", "{4E59FE87-D3A4-4533-9C92-95DBE5C20C24}"
EndProject
Project("{8BC9CEB8-8B4A-11D0-8D11-00A0C91BC942}") = "Baekjoon2869", "Baekjoon2869\Baekjoon2869.vcxproj", "{A9293CA1-BB38-42C6-85D3-C321BBF7BBB4}"
EndProject
Project("{8BC9CEB8-8B4A-11D0-8D11-00A0C91BC942}") = "Baekjoon10250", "Baekjoon10250\Baekjoon10250.vcxproj", "{53FF46E8-64C8-4417-82F9-59CCA1CFCA32}"
EndProject
Global
	GlobalSection(SolutionConfigurationPlatforms) = preSolution
		Debug|x64 = Debug|x64
		Debug|x86 = Debug|x86
		Release|x64 = Release|x64
		Release|x86 = Release|x86
	EndGlobalSection
	GlobalSection(ProjectConfigurationPlatforms) = postSolution
		{4E59FE87-D3A4-4533-9C92-95DBE5C20C24}.Debug|x64.ActiveCfg = Debug|x64
		{4E59FE87-D3A4-4533-9C92-95DBE5C20C24}.Debug|x64.Build.0 = Debug|x64
		{4E59FE87-D3A4-4533-9C92-95DBE5C20C24}.Debug|x86.ActiveCfg = Debug|Win32
		{4E59FE87-D3A4-4533-9C92-95DBE5C20C24}.Debug|x86.Build.0 = Debug|Win32
		{4E59FE87-D3A4-4533-9C92-95DBE5C20C24}.Release|x64.ActiveCfg = Release|x64
		{4E59FE87-D3A4-4533-9C92-95DBE5C20C24}.Release|x64.Build.0 = Release|x64
		{4E59FE87-D3A4-4533-9C92-95DBE5C20C24}.Release|x86.ActiveCfg = Release|Win32
		{4E59FE87-D3A4-4533-9C92-95DBE5C20C24}.Release|x86.Build.0 = Release|Win32
		{A9293CA1-BB38-42C6-85D3-C321BBF7BBB4}.Debug|x64.ActiveCfg = Debug|x64
		{A9293CA1-BB38-42C6-85D3-C321BBF7BBB4}.Debug|x64.Build.0 = Debug|x64
		{A9293CA1-BB38-42C6-85D3-C321BBF7BBB4}.Debug|x86.ActiveCfg = Debug|Win32
		{A9293CA1-BB38-42C6-85D3-C321BBF7BBB4}.Debug|x86.Build.0 = Debug|Win32
		{A9293CA1-BB38-42C6-85D3-C321BBF7BBB4}.Release|x64.ActiveCfg = Release|x64
		{A9293CA1-BB38-42C6-85D3-C321BBF7BBB4}.Release|x64.Build.0 = Release|x64
		{A9293CA1-BB38-42C6-85D3-C321BBF7BBB4}.Release|x86.ActiveCfg = Release|Win32
		{A9293CA1-BB38-42C6-85D3-C321BBF7BBB4}.Release|x86.Build.0 = Release|Win32
		{53FF46E8-64C8-4417-82F9-59CCA1CFCA32}.Debug|x64.ActiveCfg = Debug|x64
		{53FF46E8-64C8-4417-82F9-59CCA1CFCA32}.Debug|x64.Build.0 = Debug|x64
		{53FF46E8-64C8-4417-82F9-59CCA1CFCA32}.Debug|x86.ActiveCfg = Debug|Win32
		{53FF46E8-64C8-4417-82F9-59CCA1CFCA32}.Debug|x86.Build.0 = Debug|Win32
		{53FF46E8-64C8-4417-82F9-59CCA1CFCA32}.Release|x64.ActiveCfg = Release|x64
		{53FF46E8-64C8-4417-82F9-59CCA1CFCA32}.Release|x64.Build.0 = Release|x64
		{53FF46E8-64C8-4417-82F9-59CCA1CFCA32}.Release|x86.ActiveCfg = Release|Win32
		{53FF46E8-64C8-4417-82F9-59CCA1CFCA32}.Release|x86.Build.0 = Release|Win32
	EndGlobalSection
	GlobalSection(SolutionProperties) = preSolution
		HideSolutionNode = FALSE
	EndGlobalSection
	GlobalSection(ExtensibilityGlobals) = postSolution
		SolutionGuid = {356E59CD-0DA1-4E84-8370-A5BF337FF226}
	EndGlobalSection
EndGlobal
